
Microsoft Visual Studio Solution File, Format Version 12.00
# Visual Studio 14
VisualStudioVersion = 14.0.25123.0
MinimumVisualStudioVersion = 10.0.40219.1
Project("{FAE04EC0-301F-11D3-BF4B-00C04F79EFBC}") = "xPlatAuction.Droid", "xPlatAuction\xPlatAuction.Droid\xPlatAuction.Droid.csproj", "{F1634758-413E-45A2-96F4-B42F2D2CE5E5}"
EndProject
Project("{FAE04EC0-301F-11D3-BF4B-00C04F79EFBC}") = "xPlatAuction.iOS", "xPlatAuction\xPlatAuction.iOS\xPlatAuction.iOS.csproj", "{6F88F920-F9DC-4313-9E67-8CED116B1835}"
EndProject
Project("{FAE04EC0-301F-11D3-BF4B-00C04F79EFBC}") = "xPlatAuction", "xPlatAuction\xPlatAuction\xPlatAuction.csproj", "{31F492DB-1D69-4EAD-8181-861E520C65F6}"
EndProject
Project("{9344BDBB-3E7F-41FC-A0DD-8665D75EE146}") = "xPlatAuction.WinPhone", "xPlatAuction\xPlatAuction.WinPhone\xPlatAuction.WinPhone.csproj", "{190B0DA5-4333-446B-836A-68F878B03552}"
EndProject
Project("{9344BDBB-3E7F-41FC-A0DD-8665D75EE146}") = "xPlatAuction.Windows", "xPlatAuction\xPlatAuction.Windows\xPlatAuction.Windows.csproj", "{3FED4A08-30F6-4B6D-8A65-26D79DE4BECF}"
EndProject
Global
	GlobalSection(SolutionConfigurationPlatforms) = preSolution
		Ad-Hoc|Any CPU = Ad-Hoc|Any CPU
		Ad-Hoc|ARM = Ad-Hoc|ARM
		Ad-Hoc|iPhone = Ad-Hoc|iPhone
		Ad-Hoc|iPhoneSimulator = Ad-Hoc|iPhoneSimulator
		Ad-Hoc|x64 = Ad-Hoc|x64
		Ad-Hoc|x86 = Ad-Hoc|x86
		AppStore|Any CPU = AppStore|Any CPU
		AppStore|ARM = AppStore|ARM
		AppStore|iPhone = AppStore|iPhone
		AppStore|iPhoneSimulator = AppStore|iPhoneSimulator
		AppStore|x64 = AppStore|x64
		AppStore|x86 = AppStore|x86
		Debug|Any CPU = Debug|Any CPU
		Debug|ARM = Debug|ARM
		Debug|iPhone = Debug|iPhone
		Debug|iPhoneSimulator = Debug|iPhoneSimulator
		Debug|x64 = Debug|x64
		Debug|x86 = Debug|x86
		Release|Any CPU = Release|Any CPU
		Release|ARM = Release|ARM
		Release|iPhone = Release|iPhone
		Release|iPhoneSimulator = Release|iPhoneSimulator
		Release|x64 = Release|x64
		Release|x86 = Release|x86
	EndGlobalSection
	GlobalSection(ProjectConfigurationPlatforms) = postSolution
		{F1634758-413E-45A2-96F4-B42F2D2CE5E5}.Ad-Hoc|Any CPU.ActiveCfg = Release|Any CPU
		{F1634758-413E-45A2-96F4-B42F2D2CE5E5}.Ad-Hoc|Any CPU.Build.0 = Release|Any CPU
		{F1634758-413E-45A2-96F4-B42F2D2CE5E5}.Ad-Hoc|Any CPU.Deploy.0 = Release|Any CPU
		{F1634758-413E-45A2-96F4-B42F2D2CE5E5}.Ad-Hoc|ARM.ActiveCfg = Release|Any CPU
		{F1634758-413E-45A2-96F4-B42F2D2CE5E5}.Ad-Hoc|ARM.Build.0 = Release|Any CPU
		{F1634758-413E-45A2-96F4-B42F2D2CE5E5}.Ad-Hoc|ARM.Deploy.0 = Release|Any CPU
		{F1634758-413E-45A2-96F4-B42F2D2CE5E5}.Ad-Hoc|iPhone.ActiveCfg = Release|Any CPU
		{F1634758-413E-45A2-96F4-B42F2D2CE5E5}.Ad-Hoc|iPhone.Build.0 = Release|Any CPU
		{F1634758-413E-45A2-96F4-B42F2D2CE5E5}.Ad-Hoc|iPhone.Deploy.0 = Release|Any CPU
		{F1634758-413E-45A2-96F4-B42F2D2CE5E5}.Ad-Hoc|iPhoneSimulator.ActiveCfg = Release|Any CPU
		{F1634758-413E-45A2-96F4-B42F2D2CE5E5}.Ad-Hoc|iPhoneSimulator.Build.0 = Release|Any CPU
		{F1634758-413E-45A2-96F4-B42F2D2CE5E5}.Ad-Hoc|iPhoneSimulator.Deploy.0 = Release|Any CPU
		{F1634758-413E-45A2-96F4-B42F2D2CE5E5}.Ad-Hoc|x64.ActiveCfg = Release|Any CPU
		{F1634758-413E-45A2-96F4-B42F2D2CE5E5}.Ad-Hoc|x64.Build.0 = Release|Any CPU
		{F1634758-413E-45A2-96F4-B42F2D2CE5E5}.Ad-Hoc|x64.Deploy.0 = Release|Any CPU
		{F1634758-413E-45A2-96F4-B42F2D2CE5E5}.Ad-Hoc|x86.ActiveCfg = Release|Any CPU
		{F1634758-413E-45A2-96F4-B42F2D2CE5E5}.Ad-Hoc|x86.Build.0 = Release|Any CPU
		{F1634758-413E-45A2-96F4-B42F2D2CE5E5}.Ad-Hoc|x86.Deploy.0 = Release|Any CPU
		{F1634758-413E-45A2-96F4-B42F2D2CE5E5}.AppStore|Any CPU.ActiveCfg = Release|Any CPU
		{F1634758-413E-45A2-96F4-B42F2D2CE5E5}.AppStore|Any CPU.Build.0 = Release|Any CPU
		{F1634758-413E-45A2-96F4-B42F2D2CE5E5}.AppStore|Any CPU.Deploy.0 = Release|Any CPU
		{F1634758-413E-45A2-96F4-B42F2D2CE5E5}.AppStore|ARM.ActiveCfg = Release|Any CPU
		{F1634758-413E-45A2-96F4-B42F2D2CE5E5}.AppStore|ARM.Build.0 = Release|Any CPU
		{F1634758-413E-45A2-96F4-B42F2D2CE5E5}.AppStore|ARM.Deploy.0 = Release|Any CPU
		{F1634758-413E-45A2-96F4-B42F2D2CE5E5}.AppStore|iPhone.ActiveCfg = Release|Any CPU
		{F1634758-413E-45A2-96F4-B42F2D2CE5E5}.AppStore|iPhone.Build.0 = Release|Any CPU
		{F1634758-413E-45A2-96F4-B42F2D2CE5E5}.AppStore|iPhone.Deploy.0 = Release|Any CPU
		{F1634758-413E-45A2-96F4-B42F2D2CE5E5}.AppStore|iPhoneSimulator.ActiveCfg = Release|Any CPU
		{F1634758-413E-45A2-96F4-B42F2D2CE5E5}.AppStore|iPhoneSimulator.Build.0 = Release|Any CPU
		{F1634758-413E-45A2-96F4-B42F2D2CE5E5}.AppStore|iPhoneSimulator.Deploy.0 = Release|Any CPU
		{F1634758-413E-45A2-96F4-B42F2D2CE5E5}.AppStore|x64.ActiveCfg = Release|Any CPU
		{F1634758-413E-45A2-96F4-B42F2D2CE5E5}.AppStore|x64.Build.0 = Release|Any CPU
		{F1634758-413E-45A2-96F4-B42F2D2CE5E5}.AppStore|x64.Deploy.0 = Release|Any CPU
		{F1634758-413E-45A2-96F4-B42F2D2CE5E5}.AppStore|x86.ActiveCfg = Release|Any CPU
		{F1634758-413E-45A2-96F4-B42F2D2CE5E5}.AppStore|x86.Build.0 = Release|Any CPU
		{F1634758-413E-45A2-96F4-B42F2D2CE5E5}.AppStore|x86.Deploy.0 = Release|Any CPU
		{F1634758-413E-45A2-96F4-B42F2D2CE5E5}.Debug|Any CPU.ActiveCfg = Debug|Any CPU
		{F1634758-413E-45A2-96F4-B42F2D2CE5E5}.Debug|Any CPU.Build.0 = Debug|Any CPU
		{F1634758-413E-45A2-96F4-B42F2D2CE5E5}.Debug|Any CPU.Deploy.0 = Debug|Any CPU
		{F1634758-413E-45A2-96F4-B42F2D2CE5E5}.Debug|ARM.ActiveCfg = Debug|Any CPU
		{F1634758-413E-45A2-96F4-B42F2D2CE5E5}.Debug|ARM.Build.0 = Debug|Any CPU
		{F1634758-413E-45A2-96F4-B42F2D2CE5E5}.Debug|ARM.Deploy.0 = Debug|Any CPU
		{F1634758-413E-45A2-96F4-B42F2D2CE5E5}.Debug|iPhone.ActiveCfg = Debug|Any CPU
		{F1634758-413E-45A2-96F4-B42F2D2CE5E5}.Debug|iPhone.Build.0 = Debug|Any CPU
		{F1634758-413E-45A2-96F4-B42F2D2CE5E5}.Debug|iPhone.Deploy.0 = Debug|Any CPU
		{F1634758-413E-45A2-96F4-B42F2D2CE5E5}.Debug|iPhoneSimulator.ActiveCfg = Debug|Any CPU
		{F1634758-413E-45A2-96F4-B42F2D2CE5E5}.Debug|iPhoneSimulator.Build.0 = Debug|Any CPU
		{F1634758-413E-45A2-96F4-B42F2D2CE5E5}.Debug|iPhoneSimulator.Deploy.0 = Debug|Any CPU
		{F1634758-413E-45A2-96F4-B42F2D2CE5E5}.Debug|x64.ActiveCfg = Debug|Any CPU
		{F1634758-413E-45A2-96F4-B42F2D2CE5E5}.Debug|x64.Build.0 = Debug|Any CPU
		{F1634758-413E-45A2-96F4-B42F2D2CE5E5}.Debug|x64.Deploy.0 = Debug|Any CPU
		{F1634758-413E-45A2-96F4-B42F2D2CE5E5}.Debug|x86.ActiveCfg = Debug|Any CPU
		{F1634758-413E-45A2-96F4-B42F2D2CE5E5}.Debug|x86.Build.0 = Debug|Any CPU
		{F1634758-413E-45A2-96F4-B42F2D2CE5E5}.Debug|x86.Deploy.0 = Debug|Any CPU
		{F1634758-413E-45A2-96F4-B42F2D2CE5E5}.Release|Any CPU.ActiveCfg = Release|Any CPU
		{F1634758-413E-45A2-96F4-B42F2D2CE5E5}.Release|Any CPU.Build.0 = Release|Any CPU
		{F1634758-413E-45A2-96F4-B42F2D2CE5E5}.Release|Any CPU.Deploy.0 = Release|Any CPU
		{F1634758-413E-45A2-96F4-B42F2D2CE5E5}.Release|ARM.ActiveCfg = Release|Any CPU
		{F1634758-413E-45A2-96F4-B42F2D2CE5E5}.Release|ARM.Build.0 = Release|Any CPU
		{F1634758-413E-45A2-96F4-B42F2D2CE5E5}.Release|ARM.Deploy.0 = Release|Any CPU
		{F1634758-413E-45A2-96F4-B42F2D2CE5E5}.Release|iPhone.ActiveCfg = Release|Any CPU
		{F1634758-413E-45A2-96F4-B42F2D2CE5E5}.Release|iPhone.Build.0 = Release|Any CPU
		{F1634758-413E-45A2-96F4-B42F2D2CE5E5}.Release|iPhone.Deploy.0 = Release|Any CPU
		{F1634758-413E-45A2-96F4-B42F2D2CE5E5}.Release|iPhoneSimulator.ActiveCfg = Release|Any CPU
		{F1634758-413E-45A2-96F4-B42F2D2CE5E5}.Release|iPhoneSimulator.Build.0 = Release|Any CPU
		{F1634758-413E-45A2-96F4-B42F2D2CE5E5}.Release|iPhoneSimulator.Deploy.0 = Release|Any CPU
		{F1634758-413E-45A2-96F4-B42F2D2CE5E5}.Release|x64.ActiveCfg = Release|Any CPU
		{F1634758-413E-45A2-96F4-B42F2D2CE5E5}.Release|x64.Build.0 = Release|Any CPU
		{F1634758-413E-45A2-96F4-B42F2D2CE5E5}.Release|x64.Deploy.0 = Release|Any CPU
		{F1634758-413E-45A2-96F4-B42F2D2CE5E5}.Release|x86.ActiveCfg = Release|Any CPU
		{F1634758-413E-45A2-96F4-B42F2D2CE5E5}.Release|x86.Build.0 = Release|Any CPU
		{F1634758-413E-45A2-96F4-B42F2D2CE5E5}.Release|x86.Deploy.0 = Release|Any CPU
		{6F88F920-F9DC-4313-9E67-8CED116B1835}.Ad-Hoc|Any CPU.ActiveCfg = Ad-Hoc|iPhone
		{6F88F920-F9DC-4313-9E67-8CED116B1835}.Ad-Hoc|ARM.ActiveCfg = Ad-Hoc|iPhone
		{6F88F920-F9DC-4313-9E67-8CED116B1835}.Ad-Hoc|iPhone.ActiveCfg = Ad-Hoc|iPhone
		{6F88F920-F9DC-4313-9E67-8CED116B1835}.Ad-Hoc|iPhone.Build.0 = Ad-Hoc|iPhone
		{6F88F920-F9DC-4313-9E67-8CED116B1835}.Ad-Hoc|iPhoneSimulator.ActiveCfg = Ad-Hoc|iPhoneSimulator
		{6F88F920-F9DC-4313-9E67-8CED116B1835}.Ad-Hoc|iPhoneSimulator.Build.0 = Ad-Hoc|iPhoneSimulator
		{6F88F920-F9DC-4313-9E67-8CED116B1835}.Ad-Hoc|x64.ActiveCfg = Ad-Hoc|iPhone
		{6F88F920-F9DC-4313-9E67-8CED116B1835}.Ad-Hoc|x86.ActiveCfg = Ad-Hoc|iPhone
		{6F88F920-F9DC-4313-9E67-8CED116B1835}.AppStore|Any CPU.ActiveCfg = AppStore|iPhone
		{6F88F920-F9DC-4313-9E67-8CED116B1835}.AppStore|ARM.ActiveCfg = AppStore|iPhone
		{6F88F920-F9DC-4313-9E67-8CED116B1835}.AppStore|iPhone.ActiveCfg = AppStore|iPhone
		{6F88F920-F9DC-4313-9E67-8CED116B1835}.AppStore|iPhone.Build.0 = AppStore|iPhone
		{6F88F920-F9DC-4313-9E67-8CED116B1835}.AppStore|iPhoneSimulator.ActiveCfg = AppStore|iPhoneSimulator
		{6F88F920-F9DC-4313-9E67-8CED116B1835}.AppStore|iPhoneSimulator.Build.0 = AppStore|iPhoneSimulator
		{6F88F920-F9DC-4313-9E67-8CED116B1835}.AppStore|x64.ActiveCfg = AppStore|iPhone
		{6F88F920-F9DC-4313-9E67-8CED116B1835}.AppStore|x86.ActiveCfg = AppStore|iPhone
		{6F88F920-F9DC-4313-9E67-8CED116B1835}.Debug|Any CPU.ActiveCfg = Debug|iPhone
		{6F88F920-F9DC-4313-9E67-8CED116B1835}.Debug|ARM.ActiveCfg = Debug|iPhone
		{6F88F920-F9DC-4313-9E67-8CED116B1835}.Debug|iPhone.ActiveCfg = Debug|iPhone
		{6F88F920-F9DC-4313-9E67-8CED116B1835}.Debug|iPhone.Build.0 = Debug|iPhone
		{6F88F920-F9DC-4313-9E67-8CED116B1835}.Debug|iPhoneSimulator.ActiveCfg = Debug|iPhoneSimulator
		{6F88F920-F9DC-4313-9E67-8CED116B1835}.Debug|iPhoneSimulator.Build.0 = Debug|iPhoneSimulator
		{6F88F920-F9DC-4313-9E67-8CED116B1835}.Debug|x64.ActiveCfg = Debug|iPhone
		{6F88F920-F9DC-4313-9E67-8CED116B1835}.Debug|x86.ActiveCfg = Debug|iPhone
		{6F88F920-F9DC-4313-9E67-8CED116B1835}.Release|Any CPU.ActiveCfg = Release|iPhone
		{6F88F920-F9DC-4313-9E67-8CED116B1835}.Release|ARM.ActiveCfg = Release|iPhone
		{6F88F920-F9DC-4313-9E67-8CED116B1835}.Release|iPhone.ActiveCfg = Release|iPhone
		{6F88F920-F9DC-4313-9E67-8CED116B1835}.Release|iPhone.Build.0 = Release|iPhone
		{6F88F920-F9DC-4313-9E67-8CED116B1835}.Release|iPhoneSimulator.ActiveCfg = Release|iPhoneSimulator
		{6F88F920-F9DC-4313-9E67-8CED116B1835}.Release|iPhoneSimulator.Build.0 = Release|iPhoneSimulator
		{6F88F920-F9DC-4313-9E67-8CED116B1835}.Release|x64.ActiveCfg = Release|iPhone
		{6F88F920-F9DC-4313-9E67-8CED116B1835}.Release|x86.ActiveCfg = Release|iPhone
		{31F492DB-1D69-4EAD-8181-861E520C65F6}.Ad-Hoc|Any CPU.ActiveCfg = Release|Any CPU
		{31F492DB-1D69-4EAD-8181-861E520C65F6}.Ad-Hoc|Any CPU.Build.0 = Release|Any CPU
		{31F492DB-1D69-4EAD-8181-861E520C65F6}.Ad-Hoc|ARM.ActiveCfg = Release|Any CPU
		{31F492DB-1D69-4EAD-8181-861E520C65F6}.Ad-Hoc|ARM.Build.0 = Release|Any CPU
		{31F492DB-1D69-4EAD-8181-861E520C65F6}.Ad-Hoc|iPhone.ActiveCfg = Release|Any CPU
		{31F492DB-1D69-4EAD-8181-861E520C65F6}.Ad-Hoc|iPhone.Build.0 = Release|Any CPU
		{31F492DB-1D69-4EAD-8181-861E520C65F6}.Ad-Hoc|iPhoneSimulator.ActiveCfg = Release|Any CPU
		{31F492DB-1D69-4EAD-8181-861E520C65F6}.Ad-Hoc|iPhoneSimulator.Build.0 = Release|Any CPU
		{31F492DB-1D69-4EAD-8181-861E520C65F6}.Ad-Hoc|x64.ActiveCfg = Release|Any CPU
		{31F492DB-1D69-4EAD-8181-861E520C65F6}.Ad-Hoc|x64.Build.0 = Release|Any CPU
		{31F492DB-1D69-4EAD-8181-861E520C65F6}.Ad-Hoc|x86.ActiveCfg = Release|Any CPU
		{31F492DB-1D69-4EAD-8181-861E520C65F6}.Ad-Hoc|x86.Build.0 = Release|Any CPU
		{31F492DB-1D69-4EAD-8181-861E520C65F6}.AppStore|Any CPU.ActiveCfg = Release|Any CPU
		{31F492DB-1D69-4EAD-8181-861E520C65F6}.AppStore|Any CPU.Build.0 = Release|Any CPU
		{31F492DB-1D69-4EAD-8181-861E520C65F6}.AppStore|ARM.ActiveCfg = Release|Any CPU
		{31F492DB-1D69-4EAD-8181-861E520C65F6}.AppStore|ARM.Build.0 = Release|Any CPU
		{31F492DB-1D69-4EAD-8181-861E520C65F6}.AppStore|iPhone.ActiveCfg = Release|Any CPU
		{31F492DB-1D69-4EAD-8181-861E520C65F6}.AppStore|iPhone.Build.0 = Release|Any CPU
		{31F492DB-1D69-4EAD-8181-861E520C65F6}.AppStore|iPhoneSimulator.ActiveCfg = Release|Any CPU
		{31F492DB-1D69-4EAD-8181-861E520C65F6}.AppStore|iPhoneSimulator.Build.0 = Release|Any CPU
		{31F492DB-1D69-4EAD-8181-861E520C65F6}.AppStore|x64.ActiveCfg = Release|Any CPU
		{31F492DB-1D69-4EAD-8181-861E520C65F6}.AppStore|x64.Build.0 = Release|Any CPU
		{31F492DB-1D69-4EAD-8181-861E520C65F6}.AppStore|x86.ActiveCfg = Release|Any CPU
		{31F492DB-1D69-4EAD-8181-861E520C65F6}.AppStore|x86.Build.0 = Release|Any CPU
		{31F492DB-1D69-4EAD-8181-861E520C65F6}.Debug|Any CPU.ActiveCfg = Debug|Any CPU
		{31F492DB-1D69-4EAD-8181-861E520C65F6}.Debug|Any CPU.Build.0 = Debug|Any CPU
		{31F492DB-1D69-4EAD-8181-861E520C65F6}.Debug|ARM.ActiveCfg = Debug|Any CPU
		{31F492DB-1D69-4EAD-8181-861E520C65F6}.Debug|ARM.Build.0 = Debug|Any CPU
		{31F492DB-1D69-4EAD-8181-861E520C65F6}.Debug|iPhone.ActiveCfg = Debug|Any CPU
		{31F492DB-1D69-4EAD-8181-861E520C65F6}.Debug|iPhone.Build.0 = Debug|Any CPU
		{31F492DB-1D69-4EAD-8181-861E520C65F6}.Debug|iPhoneSimulator.ActiveCfg = Debug|Any CPU
		{31F492DB-1D69-4EAD-8181-861E520C65F6}.Debug|iPhoneSimulator.Build.0 = Debug|Any CPU
		{31F492DB-1D69-4EAD-8181-861E520C65F6}.Debug|x64.ActiveCfg = Debug|Any CPU
		{31F492DB-1D69-4EAD-8181-861E520C65F6}.Debug|x64.Build.0 = Debug|Any CPU
		{31F492DB-1D69-4EAD-8181-861E520C65F6}.Debug|x86.ActiveCfg = Debug|Any CPU
		{31F492DB-1D69-4EAD-8181-861E520C65F6}.Debug|x86.Build.0 = Debug|Any CPU
		{31F492DB-1D69-4EAD-8181-861E520C65F6}.Release|Any CPU.ActiveCfg = Release|Any CPU
		{31F492DB-1D69-4EAD-8181-861E520C65F6}.Release|Any CPU.Build.0 = Release|Any CPU
		{31F492DB-1D69-4EAD-8181-861E520C65F6}.Release|ARM.ActiveCfg = Release|Any CPU
		{31F492DB-1D69-4EAD-8181-861E520C65F6}.Release|ARM.Build.0 = Release|Any CPU
		{31F492DB-1D69-4EAD-8181-861E520C65F6}.Release|iPhone.ActiveCfg = Release|Any CPU
		{31F492DB-1D69-4EAD-8181-861E520C65F6}.Release|iPhone.Build.0 = Release|Any CPU
		{31F492DB-1D69-4EAD-8181-861E520C65F6}.Release|iPhoneSimulator.ActiveCfg = Release|Any CPU
		{31F492DB-1D69-4EAD-8181-861E520C65F6}.Release|iPhoneSimulator.Build.0 = Release|Any CPU
		{31F492DB-1D69-4EAD-8181-861E520C65F6}.Release|x64.ActiveCfg = Release|Any CPU
		{31F492DB-1D69-4EAD-8181-861E520C65F6}.Release|x64.Build.0 = Release|Any CPU
		{31F492DB-1D69-4EAD-8181-861E520C65F6}.Release|x86.ActiveCfg = Release|Any CPU
		{31F492DB-1D69-4EAD-8181-861E520C65F6}.Release|x86.Build.0 = Release|Any CPU
		{190B0DA5-4333-446B-836A-68F878B03552}.Ad-Hoc|Any CPU.ActiveCfg = Release|Any CPU
		{190B0DA5-4333-446B-836A-68F878B03552}.Ad-Hoc|Any CPU.Build.0 = Release|Any CPU
		{190B0DA5-4333-446B-836A-68F878B03552}.Ad-Hoc|Any CPU.Deploy.0 = Release|Any CPU
		{190B0DA5-4333-446B-836A-68F878B03552}.Ad-Hoc|ARM.ActiveCfg = Release|ARM
		{190B0DA5-4333-446B-836A-68F878B03552}.Ad-Hoc|ARM.Build.0 = Release|ARM
		{190B0DA5-4333-446B-836A-68F878B03552}.Ad-Hoc|ARM.Deploy.0 = Release|ARM
		{190B0DA5-4333-446B-836A-68F878B03552}.Ad-Hoc|iPhone.ActiveCfg = Release|Any CPU
		{190B0DA5-4333-446B-836A-68F878B03552}.Ad-Hoc|iPhone.Build.0 = Release|Any CPU
		{190B0DA5-4333-446B-836A-68F878B03552}.Ad-Hoc|iPhone.Deploy.0 = Release|Any CPU
		{190B0DA5-4333-446B-836A-68F878B03552}.Ad-Hoc|iPhoneSimulator.ActiveCfg = Release|Any CPU
		{190B0DA5-4333-446B-836A-68F878B03552}.Ad-Hoc|iPhoneSimulator.Build.0 = Release|Any CPU
		{190B0DA5-4333-446B-836A-68F878B03552}.Ad-Hoc|iPhoneSimulator.Deploy.0 = Release|Any CPU
		{190B0DA5-4333-446B-836A-68F878B03552}.Ad-Hoc|x64.ActiveCfg = Release|Any CPU
		{190B0DA5-4333-446B-836A-68F878B03552}.Ad-Hoc|x64.Build.0 = Release|Any CPU
		{190B0DA5-4333-446B-836A-68F878B03552}.Ad-Hoc|x64.Deploy.0 = Release|Any CPU
		{190B0DA5-4333-446B-836A-68F878B03552}.Ad-Hoc|x86.ActiveCfg = Release|x86
		{190B0DA5-4333-446B-836A-68F878B03552}.Ad-Hoc|x86.Build.0 = Release|x86
		{190B0DA5-4333-446B-836A-68F878B03552}.Ad-Hoc|x86.Deploy.0 = Release|x86
		{190B0DA5-4333-446B-836A-68F878B03552}.AppStore|Any CPU.ActiveCfg = Release|Any CPU
		{190B0DA5-4333-446B-836A-68F878B03552}.AppStore|Any CPU.Build.0 = Release|Any CPU
		{190B0DA5-4333-446B-836A-68F878B03552}.AppStore|Any CPU.Deploy.0 = Release|Any CPU
		{190B0DA5-4333-446B-836A-68F878B03552}.AppStore|ARM.ActiveCfg = Release|ARM
		{190B0DA5-4333-446B-836A-68F878B03552}.AppStore|ARM.Build.0 = Release|ARM
		{190B0DA5-4333-446B-836A-68F878B03552}.AppStore|ARM.Deploy.0 = Release|ARM
		{190B0DA5-4333-446B-836A-68F878B03552}.AppStore|iPhone.ActiveCfg = Release|Any CPU
		{190B0DA5-4333-446B-836A-68F878B03552}.AppStore|iPhone.Build.0 = Release|Any CPU
		{190B0DA5-4333-446B-836A-68F878B03552}.AppStore|iPhone.Deploy.0 = Release|Any CPU
		{190B0DA5-4333-446B-836A-68F878B03552}.AppStore|iPhoneSimulator.ActiveCfg = Release|Any CPU
		{190B0DA5-4333-446B-836A-68F878B03552}.AppStore|iPhoneSimulator.Build.0 = Release|Any CPU
		{190B0DA5-4333-446B-836A-68F878B03552}.AppStore|iPhoneSimulator.Deploy.0 = Release|Any CPU
		{190B0DA5-4333-446B-836A-68F878B03552}.AppStore|x64.ActiveCfg = Release|Any CPU
		{190B0DA5-4333-446B-836A-68F878B03552}.AppStore|x64.Build.0 = Release|Any CPU
		{190B0DA5-4333-446B-836A-68F878B03552}.AppStore|x64.Deploy.0 = Release|Any CPU
		{190B0DA5-4333-446B-836A-68F878B03552}.AppStore|x86.ActiveCfg = Release|x86
		{190B0DA5-4333-446B-836A-68F878B03552}.AppStore|x86.Build.0 = Release|x86
		{190B0DA5-4333-446B-836A-68F878B03552}.AppStore|x86.Deploy.0 = Release|x86
		{190B0DA5-4333-446B-836A-68F878B03552}.Debug|Any CPU.ActiveCfg = Debug|Any CPU
		{190B0DA5-4333-446B-836A-68F878B03552}.Debug|Any CPU.Build.0 = Debug|Any CPU
		{190B0DA5-4333-446B-836A-68F878B03552}.Debug|Any CPU.Deploy.0 = Debug|Any CPU
		{190B0DA5-4333-446B-836A-68F878B03552}.Debug|ARM.ActiveCfg = Debug|ARM
		{190B0DA5-4333-446B-836A-68F878B03552}.Debug|ARM.Build.0 = Debug|ARM
		{190B0DA5-4333-446B-836A-68F878B03552}.Debug|ARM.Deploy.0 = Debug|ARM
		{190B0DA5-4333-446B-836A-68F878B03552}.Debug|iPhone.ActiveCfg = Debug|Any CPU
		{190B0DA5-4333-446B-836A-68F878B03552}.Debug|iPhone.Build.0 = Debug|Any CPU
		{190B0DA5-4333-446B-836A-68F878B03552}.Debug|iPhone.Deploy.0 = Debug|Any CPU
		{190B0DA5-4333-446B-836A-68F878B03552}.Debug|iPhoneSimulator.ActiveCfg = Debug|Any CPU
		{190B0DA5-4333-446B-836A-68F878B03552}.Debug|iPhoneSimulator.Build.0 = Debug|Any CPU
		{190B0DA5-4333-446B-836A-68F878B03552}.Debug|iPhoneSimulator.Deploy.0 = Debug|Any CPU
		{190B0DA5-4333-446B-836A-68F878B03552}.Debug|x64.ActiveCfg = Debug|Any CPU
		{190B0DA5-4333-446B-836A-68F878B03552}.Debug|x64.Build.0 = Debug|Any CPU
		{190B0DA5-4333-446B-836A-68F878B03552}.Debug|x64.Deploy.0 = Debug|Any CPU
		{190B0DA5-4333-446B-836A-68F878B03552}.Debug|x86.ActiveCfg = Debug|x86
		{190B0DA5-4333-446B-836A-68F878B03552}.Debug|x86.Build.0 = Debug|x86
		{190B0DA5-4333-446B-836A-68F878B03552}.Debug|x86.Deploy.0 = Debug|x86
		{190B0DA5-4333-446B-836A-68F878B03552}.Release|Any CPU.ActiveCfg = Release|Any CPU
		{190B0DA5-4333-446B-836A-68F878B03552}.Release|Any CPU.Build.0 = Release|Any CPU
		{190B0DA5-4333-446B-836A-68F878B03552}.Release|Any CPU.Deploy.0 = Release|Any CPU
		{190B0DA5-4333-446B-836A-68F878B03552}.Release|ARM.ActiveCfg = Release|ARM
		{190B0DA5-4333-446B-836A-68F878B03552}.Release|ARM.Build.0 = Release|ARM
		{190B0DA5-4333-446B-836A-68F878B03552}.Release|ARM.Deploy.0 = Release|ARM
		{190B0DA5-4333-446B-836A-68F878B03552}.Release|iPhone.ActiveCfg = Release|Any CPU
		{190B0DA5-4333-446B-836A-68F878B03552}.Release|iPhone.Build.0 = Release|Any CPU
		{190B0DA5-4333-446B-836A-68F878B03552}.Release|iPhone.Deploy.0 = Release|Any CPU
		{190B0DA5-4333-446B-836A-68F878B03552}.Release|iPhoneSimulator.ActiveCfg = Release|Any CPU
		{190B0DA5-4333-446B-836A-68F878B03552}.Release|iPhoneSimulator.Build.0 = Release|Any CPU
		{190B0DA5-4333-446B-836A-68F878B03552}.Release|iPhoneSimulator.Deploy.0 = Release|Any CPU
		{190B0DA5-4333-446B-836A-68F878B03552}.Release|x64.ActiveCfg = Release|Any CPU
		{190B0DA5-4333-446B-836A-68F878B03552}.Release|x64.Build.0 = Release|Any CPU
		{190B0DA5-4333-446B-836A-68F878B03552}.Release|x64.Deploy.0 = Release|Any CPU
		{190B0DA5-4333-446B-836A-68F878B03552}.Release|x86.ActiveCfg = Release|x86
		{190B0DA5-4333-446B-836A-68F878B03552}.Release|x86.Build.0 = Release|x86
		{190B0DA5-4333-446B-836A-68F878B03552}.Release|x86.Deploy.0 = Release|x86
		{3FED4A08-30F6-4B6D-8A65-26D79DE4BECF}.Ad-Hoc|Any CPU.ActiveCfg = Release|Any CPU
		{3FED4A08-30F6-4B6D-8A65-26D79DE4BECF}.Ad-Hoc|Any CPU.Build.0 = Release|Any CPU
		{3FED4A08-30F6-4B6D-8A65-26D79DE4BECF}.Ad-Hoc|Any CPU.Deploy.0 = Release|Any CPU
		{3FED4A08-30F6-4B6D-8A65-26D79DE4BECF}.Ad-Hoc|ARM.ActiveCfg = Release|ARM
		{3FED4A08-30F6-4B6D-8A65-26D79DE4BECF}.Ad-Hoc|ARM.Build.0 = Release|ARM
		{3FED4A08-30F6-4B6D-8A65-26D79DE4BECF}.Ad-Hoc|ARM.Deploy.0 = Release|ARM
		{3FED4A08-30F6-4B6D-8A65-26D79DE4BECF}.Ad-Hoc|iPhone.ActiveCfg = Release|Any CPU
		{3FED4A08-30F6-4B6D-8A65-26D79DE4BECF}.Ad-Hoc|iPhone.Build.0 = Release|Any CPU
		{3FED4A08-30F6-4B6D-8A65-26D79DE4BECF}.Ad-Hoc|iPhone.Deploy.0 = Release|Any CPU
		{3FED4A08-30F6-4B6D-8A65-26D79DE4BECF}.Ad-Hoc|iPhoneSimulator.ActiveCfg = Release|Any CPU
		{3FED4A08-30F6-4B6D-8A65-26D79DE4BECF}.Ad-Hoc|iPhoneSimulator.Build.0 = Release|Any CPU
		{3FED4A08-30F6-4B6D-8A65-26D79DE4BECF}.Ad-Hoc|iPhoneSimulator.Deploy.0 = Release|Any CPU
		{3FED4A08-30F6-4B6D-8A65-26D79DE4BECF}.Ad-Hoc|x64.ActiveCfg = Release|x64
		{3FED4A08-30F6-4B6D-8A65-26D79DE4BECF}.Ad-Hoc|x64.Build.0 = Release|x64
		{3FED4A08-30F6-4B6D-8A65-26D79DE4BECF}.Ad-Hoc|x64.Deploy.0 = Release|x64
		{3FED4A08-30F6-4B6D-8A65-26D79DE4BECF}.Ad-Hoc|x86.ActiveCfg = Release|x86
		{3FED4A08-30F6-4B6D-8A65-26D79DE4BECF}.Ad-Hoc|x86.Build.0 = Release|x86
		{3FED4A08-30F6-4B6D-8A65-26D79DE4BECF}.Ad-Hoc|x86.Deploy.0 = Release|x86
		{3FED4A08-30F6-4B6D-8A65-26D79DE4BECF}.AppStore|Any CPU.ActiveCfg = Release|Any CPU
		{3FED4A08-30F6-4B6D-8A65-26D79DE4BECF}.AppStore|Any CPU.Build.0 = Release|Any CPU
		{3FED4A08-30F6-4B6D-8A65-26D79DE4BECF}.AppStore|Any CPU.Deploy.0 = Release|Any CPU
		{3FED4A08-30F6-4B6D-8A65-26D79DE4BECF}.AppStore|ARM.ActiveCfg = Release|ARM
		{3FED4A08-30F6-4B6D-8A65-26D79DE4BECF}.AppStore|ARM.Build.0 = Release|ARM
		{3FED4A08-30F6-4B6D-8A65-26D79DE4BECF}.AppStore|ARM.Deploy.0 = Release|ARM
		{3FED4A08-30F6-4B6D-8A65-26D79DE4BECF}.AppStore|iPhone.ActiveCfg = Release|Any CPU
		{3FED4A08-30F6-4B6D-8A65-26D79DE4BECF}.AppStore|iPhone.Build.0 = Release|Any CPU
		{3FED4A08-30F6-4B6D-8A65-26D79DE4BECF}.AppStore|iPhone.Deploy.0 = Release|Any CPU
		{3FED4A08-30F6-4B6D-8A65-26D79DE4BECF}.AppStore|iPhoneSimulator.ActiveCfg = Release|Any CPU
		{3FED4A08-30F6-4B6D-8A65-26D79DE4BECF}.AppStore|iPhoneSimulator.Build.0 = Release|Any CPU
		{3FED4A08-30F6-4B6D-8A65-26D79DE4BECF}.AppStore|iPhoneSimulator.Deploy.0 = Release|Any CPU
		{3FED4A08-30F6-4B6D-8A65-26D79DE4BECF}.AppStore|x64.ActiveCfg = Release|x64
		{3FED4A08-30F6-4B6D-8A65-26D79DE4BECF}.AppStore|x64.Build.0 = Release|x64
		{3FED4A08-30F6-4B6D-8A65-26D79DE4BECF}.AppStore|x64.Deploy.0 = Release|x64
		{3FED4A08-30F6-4B6D-8A65-26D79DE4BECF}.AppStore|x86.ActiveCfg = Release|x86
		{3FED4A08-30F6-4B6D-8A65-26D79DE4BECF}.AppStore|x86.Build.0 = Release|x86
		{3FED4A08-30F6-4B6D-8A65-26D79DE4BECF}.AppStore|x86.Deploy.0 = Release|x86
		{3FED4A08-30F6-4B6D-8A65-26D79DE4BECF}.Debug|Any CPU.ActiveCfg = Debug|Any CPU
		{3FED4A08-30F6-4B6D-8A65-26D79DE4BECF}.Debug|Any CPU.Build.0 = Debug|Any CPU
		{3FED4A08-30F6-4B6D-8A65-26D79DE4BECF}.Debug|Any CPU.Deploy.0 = Debug|Any CPU
		{3FED4A08-30F6-4B6D-8A65-26D79DE4BECF}.Debug|ARM.ActiveCfg = Debug|ARM
		{3FED4A08-30F6-4B6D-8A65-26D79DE4BECF}.Debug|ARM.Build.0 = Debug|ARM
		{3FED4A08-30F6-4B6D-8A65-26D79DE4BECF}.Debug|ARM.Deploy.0 = Debug|ARM
		{3FED4A08-30F6-4B6D-8A65-26D79DE4BECF}.Debug|iPhone.ActiveCfg = Debug|Any CPU
		{3FED4A08-30F6-4B6D-8A65-26D79DE4BECF}.Debug|iPhone.Build.0 = Debug|Any CPU
		{3FED4A08-30F6-4B6D-8A65-26D79DE4BECF}.Debug|iPhone.Deploy.0 = Debug|Any CPU
		{3FED4A08-30F6-4B6D-8A65-26D79DE4BECF}.Debug|iPhoneSimulator.ActiveCfg = Debug|Any CPU
		{3FED4A08-30F6-4B6D-8A65-26D79DE4BECF}.Debug|iPhoneSimulator.Build.0 = Debug|Any CPU
		{3FED4A08-30F6-4B6D-8A65-26D79DE4BECF}.Debug|iPhoneSimulator.Deploy.0 = Debug|Any CPU
		{3FED4A08-30F6-4B6D-8A65-26D79DE4BECF}.Debug|x64.ActiveCfg = Debug|x64
		{3FED4A08-30F6-4B6D-8A65-26D79DE4BECF}.Debug|x64.Build.0 = Debug|x64
		{3FED4A08-30F6-4B6D-8A65-26D79DE4BECF}.Debug|x64.Deploy.0 = Debug|x64
		{3FED4A08-30F6-4B6D-8A65-26D79DE4BECF}.Debug|x86.ActiveCfg = Debug|x86
		{3FED4A08-30F6-4B6D-8A65-26D79DE4BECF}.Debug|x86.Build.0 = Debug|x86
		{3FED4A08-30F6-4B6D-8A65-26D79DE4BECF}.Debug|x86.Deploy.0 = Debug|x86
		{3FED4A08-30F6-4B6D-8A65-26D79DE4BECF}.Release|Any CPU.ActiveCfg = Release|Any CPU
		{3FED4A08-30F6-4B6D-8A65-26D79DE4BECF}.Release|Any CPU.Build.0 = Release|Any CPU
		{3FED4A08-30F6-4B6D-8A65-26D79DE4BECF}.Release|Any CPU.Deploy.0 = Release|Any CPU
		{3FED4A08-30F6-4B6D-8A65-26D79DE4BECF}.Release|ARM.ActiveCfg = Release|ARM
		{3FED4A08-30F6-4B6D-8A65-26D79DE4BECF}.Release|ARM.Build.0 = Release|ARM
		{3FED4A08-30F6-4B6D-8A65-26D79DE4BECF}.Release|ARM.Deploy.0 = Release|ARM
		{3FED4A08-30F6-4B6D-8A65-26D79DE4BECF}.Release|iPhone.ActiveCfg = Release|Any CPU
		{3FED4A08-30F6-4B6D-8A65-26D79DE4BECF}.Release|iPhone.Build.0 = Release|Any CPU
		{3FED4A08-30F6-4B6D-8A65-26D79DE4BECF}.Release|iPhone.Deploy.0 = Release|Any CPU
		{3FED4A08-30F6-4B6D-8A65-26D79DE4BECF}.Release|iPhoneSimulator.ActiveCfg = Release|Any CPU
		{3FED4A08-30F6-4B6D-8A65-26D79DE4BECF}.Release|iPhoneSimulator.Build.0 = Release|Any CPU
		{3FED4A08-30F6-4B6D-8A65-26D79DE4BECF}.Release|iPhoneSimulator.Deploy.0 = Release|Any CPU
		{3FED4A08-30F6-4B6D-8A65-26D79DE4BECF}.Release|x64.ActiveCfg = Release|x64
		{3FED4A08-30F6-4B6D-8A65-26D79DE4BECF}.Release|x64.Build.0 = Release|x64
		{3FED4A08-30F6-4B6D-8A65-26D79DE4BECF}.Release|x64.Deploy.0 = Release|x64
		{3FED4A08-30F6-4B6D-8A65-26D79DE4BECF}.Release|x86.ActiveCfg = Release|x86
		{3FED4A08-30F6-4B6D-8A65-26D79DE4BECF}.Release|x86.Build.0 = Release|x86
		{3FED4A08-30F6-4B6D-8A65-26D79DE4BECF}.Release|x86.Deploy.0 = Release|x86
	EndGlobalSection
	GlobalSection(SolutionProperties) = preSolution
		HideSolutionNode = FALSE
	EndGlobalSection
EndGlobal
